
Microsoft Visual Studio Solution File, Format Version 12.00
# Visual Studio 15
VisualStudioVersion = 15.0.28307.902
MinimumVisualStudioVersion = 10.0.40219.1
Project("{FAE04EC0-301F-11D3-BF4B-00C04F79EFBC}") = "AnimalWebApi", "AnimalWebApi\AnimalWebApi.csproj", "{58C1D50F-F448-44AD-B916-9A89EB9CFE4F}"
EndProject
Global
	GlobalSection(SolutionConfigurationPlatforms) = preSolution
		Debug|Any CPU = Debug|Any CPU
		Release|Any CPU = Release|Any CPU
	EndGlobalSection
	GlobalSection(ProjectConfigurationPlatforms) = postSolution
		{58C1D50F-F448-44AD-B916-9A89EB9CFE4F}.Debug|Any CPU.ActiveCfg = Debug|Any CPU
		{58C1D50F-F448-44AD-B916-9A89EB9CFE4F}.Debug|Any CPU.Build.0 = Debug|Any CPU
		{58C1D50F-F448-44AD-B916-9A89EB9CFE4F}.Release|Any CPU.ActiveCfg = Release|Any CPU
		{58C1D50F-F448-44AD-B916-9A89EB9CFE4F}.Release|Any CPU.Build.0 = Release|Any CPU
	EndGlobalSection
	GlobalSection(SolutionProperties) = preSolution
		HideSolutionNode = FALSE
	EndGlobalSection
	GlobalSection(ExtensibilityGlobals) = postSolution
		SolutionGuid = {DFFAF962-FF38-4E95-A14F-833FC270C0E2}
	EndGlobalSection
EndGlobal
